
Microsoft Visual Studio Solution File, Format Version 12.00
# Visual Studio Version 16
VisualStudioVersion = 16.0.30104.148
MinimumVisualStudioVersion = 10.0.40219.1
Project("{FAE04EC0-301F-11D3-BF4B-00C04F79EFBC}") = "HelloWorld.Android", "HelloWorld\HelloWorld.Android\HelloWorld.Android.csproj", "{4AC3268D-2227-4912-A6AF-98D7A6F78049}"
EndProject
Project("{FAE04EC0-301F-11D3-BF4B-00C04F79EFBC}") = "HelloWorld.iOS", "HelloWorld\HelloWorld.iOS\HelloWorld.iOS.csproj", "{C8909247-5CE4-4CDB-AF84-921E0A38B4D9}"
EndProject
Project("{FAE04EC0-301F-11D3-BF4B-00C04F79EFBC}") = "HelloWorld", "HelloWorld\HelloWorld\HelloWorld.csproj", "{F6528F52-6D52-475B-939B-586F13B46722}"
EndProject
Global
	GlobalSection(SolutionConfigurationPlatforms) = preSolution
		Debug|Any CPU = Debug|Any CPU
		Debug|iPhone = Debug|iPhone
		Debug|iPhoneSimulator = Debug|iPhoneSimulator
		Release|Any CPU = Release|Any CPU
		Release|iPhone = Release|iPhone
		Release|iPhoneSimulator = Release|iPhoneSimulator
	EndGlobalSection
	GlobalSection(ProjectConfigurationPlatforms) = postSolution
		{4AC3268D-2227-4912-A6AF-98D7A6F78049}.Debug|Any CPU.ActiveCfg = Debug|Any CPU
		{4AC3268D-2227-4912-A6AF-98D7A6F78049}.Debug|Any CPU.Build.0 = Debug|Any CPU
		{4AC3268D-2227-4912-A6AF-98D7A6F78049}.Debug|Any CPU.Deploy.0 = Debug|Any CPU
		{4AC3268D-2227-4912-A6AF-98D7A6F78049}.Debug|iPhone.ActiveCfg = Debug|Any CPU
		{4AC3268D-2227-4912-A6AF-98D7A6F78049}.Debug|iPhone.Build.0 = Debug|Any CPU
		{4AC3268D-2227-4912-A6AF-98D7A6F78049}.Debug|iPhone.Deploy.0 = Debug|Any CPU
		{4AC3268D-2227-4912-A6AF-98D7A6F78049}.Debug|iPhoneSimulator.ActiveCfg = Debug|Any CPU
		{4AC3268D-2227-4912-A6AF-98D7A6F78049}.Debug|iPhoneSimulator.Build.0 = Debug|Any CPU
		{4AC3268D-2227-4912-A6AF-98D7A6F78049}.Debug|iPhoneSimulator.Deploy.0 = Debug|Any CPU
		{4AC3268D-2227-4912-A6AF-98D7A6F78049}.Release|Any CPU.ActiveCfg = Release|Any CPU
		{4AC3268D-2227-4912-A6AF-98D7A6F78049}.Release|Any CPU.Build.0 = Release|Any CPU
		{4AC3268D-2227-4912-A6AF-98D7A6F78049}.Release|Any CPU.Deploy.0 = Release|Any CPU
		{4AC3268D-2227-4912-A6AF-98D7A6F78049}.Release|iPhone.ActiveCfg = Release|Any CPU
		{4AC3268D-2227-4912-A6AF-98D7A6F78049}.Release|iPhone.Build.0 = Release|Any CPU
		{4AC3268D-2227-4912-A6AF-98D7A6F78049}.Release|iPhone.Deploy.0 = Release|Any CPU
		{4AC3268D-2227-4912-A6AF-98D7A6F78049}.Release|iPhoneSimulator.ActiveCfg = Release|Any CPU
		{4AC3268D-2227-4912-A6AF-98D7A6F78049}.Release|iPhoneSimulator.Build.0 = Release|Any CPU
		{4AC3268D-2227-4912-A6AF-98D7A6F78049}.Release|iPhoneSimulator.Deploy.0 = Release|Any CPU
		{C8909247-5CE4-4CDB-AF84-921E0A38B4D9}.Debug|Any CPU.ActiveCfg = Debug|iPhone
		{C8909247-5CE4-4CDB-AF84-921E0A38B4D9}.Debug|Any CPU.Build.0 = Debug|iPhone
		{C8909247-5CE4-4CDB-AF84-921E0A38B4D9}.Debug|Any CPU.Deploy.0 = Debug|iPhone
		{C8909247-5CE4-4CDB-AF84-921E0A38B4D9}.Debug|iPhone.ActiveCfg = Debug|iPhone
		{C8909247-5CE4-4CDB-AF84-921E0A38B4D9}.Debug|iPhone.Build.0 = Debug|iPhone
		{C8909247-5CE4-4CDB-AF84-921E0A38B4D9}.Debug|iPhone.Deploy.0 = Debug|iPhone
		{C8909247-5CE4-4CDB-AF84-921E0A38B4D9}.Debug|iPhoneSimulator.ActiveCfg = Debug|iPhoneSimulator
		{C8909247-5CE4-4CDB-AF84-921E0A38B4D9}.Debug|iPhoneSimulator.Build.0 = Debug|iPhoneSimulator
		{C8909247-5CE4-4CDB-AF84-921E0A38B4D9}.Debug|iPhoneSimulator.Deploy.0 = Debug|iPhoneSimulator
		{C8909247-5CE4-4CDB-AF84-921E0A38B4D9}.Release|Any CPU.ActiveCfg = Release|iPhone
		{C8909247-5CE4-4CDB-AF84-921E0A38B4D9}.Release|Any CPU.Build.0 = Release|iPhone
		{C8909247-5CE4-4CDB-AF84-921E0A38B4D9}.Release|Any CPU.Deploy.0 = Release|iPhone
		{C8909247-5CE4-4CDB-AF84-921E0A38B4D9}.Release|iPhone.ActiveCfg = Release|iPhone
		{C8909247-5CE4-4CDB-AF84-921E0A38B4D9}.Release|iPhone.Build.0 = Release|iPhone
		{C8909247-5CE4-4CDB-AF84-921E0A38B4D9}.Release|iPhone.Deploy.0 = Release|iPhone
		{C8909247-5CE4-4CDB-AF84-921E0A38B4D9}.Release|iPhoneSimulator.ActiveCfg = Release|iPhoneSimulator
		{C8909247-5CE4-4CDB-AF84-921E0A38B4D9}.Release|iPhoneSimulator.Build.0 = Release|iPhoneSimulator
		{C8909247-5CE4-4CDB-AF84-921E0A38B4D9}.Release|iPhoneSimulator.Deploy.0 = Release|iPhoneSimulator
		{F6528F52-6D52-475B-939B-586F13B46722}.Debug|Any CPU.ActiveCfg = Debug|Any CPU
		{F6528F52-6D52-475B-939B-586F13B46722}.Debug|Any CPU.Build.0 = Debug|Any CPU
		{F6528F52-6D52-475B-939B-586F13B46722}.Debug|Any CPU.Deploy.0 = Debug|Any CPU
		{F6528F52-6D52-475B-939B-586F13B46722}.Debug|iPhone.ActiveCfg = Debug|Any CPU
		{F6528F52-6D52-475B-939B-586F13B46722}.Debug|iPhone.Build.0 = Debug|Any CPU
		{F6528F52-6D52-475B-939B-586F13B46722}.Debug|iPhone.Deploy.0 = Debug|Any CPU
		{F6528F52-6D52-475B-939B-586F13B46722}.Debug|iPhoneSimulator.ActiveCfg = Debug|Any CPU
		{F6528F52-6D52-475B-939B-586F13B46722}.Debug|iPhoneSimulator.Build.0 = Debug|Any CPU
		{F6528F52-6D52-475B-939B-586F13B46722}.Debug|iPhoneSimulator.Deploy.0 = Debug|Any CPU
		{F6528F52-6D52-475B-939B-586F13B46722}.Release|Any CPU.ActiveCfg = Release|Any CPU
		{F6528F52-6D52-475B-939B-586F13B46722}.Release|Any CPU.Build.0 = Release|Any CPU
		{F6528F52-6D52-475B-939B-586F13B46722}.Release|Any CPU.Deploy.0 = Release|Any CPU
		{F6528F52-6D52-475B-939B-586F13B46722}.Release|iPhone.ActiveCfg = Release|Any CPU
		{F6528F52-6D52-475B-939B-586F13B46722}.Release|iPhone.Build.0 = Release|Any CPU
		{F6528F52-6D52-475B-939B-586F13B46722}.Release|iPhone.Deploy.0 = Release|Any CPU
		{F6528F52-6D52-475B-939B-586F13B46722}.Release|iPhoneSimulator.ActiveCfg = Release|Any CPU
		{F6528F52-6D52-475B-939B-586F13B46722}.Release|iPhoneSimulator.Build.0 = Release|Any CPU
		{F6528F52-6D52-475B-939B-586F13B46722}.Release|iPhoneSimulator.Deploy.0 = Release|Any CPU
	EndGlobalSection
	GlobalSection(SolutionProperties) = preSolution
		HideSolutionNode = FALSE
	EndGlobalSection
	GlobalSection(ExtensibilityGlobals) = postSolution
		SolutionGuid = {C3D2F2BA-B978-4399-8F22-A6328A96BE96}
	EndGlobalSection
EndGlobal
